
Microsoft Visual Studio Solution File, Format Version 12.00
# Visual Studio Version 16
VisualStudioVersion = 16.0.31729.503
MinimumVisualStudioVersion = 10.0.40219.1
Project("{8BC9CEB8-8B4A-11D0-8D11-00A0C91BC942}") = "q_1-h", "q_1-h.vcxproj", "{D7EA176B-44CD-4170-B2AF-D7FDA80AA1DD}"
EndProject
Global
	GlobalSection(SolutionConfigurationPlatforms) = preSolution
		Debug|x64 = Debug|x64
		Debug|x86 = Debug|x86
		Release|x64 = Release|x64
		Release|x86 = Release|x86
	EndGlobalSection
	GlobalSection(ProjectConfigurationPlatforms) = postSolution
		{D7EA176B-44CD-4170-B2AF-D7FDA80AA1DD}.Debug|x64.ActiveCfg = Debug|x64
		{D7EA176B-44CD-4170-B2AF-D7FDA80AA1DD}.Debug|x64.Build.0 = Debug|x64
		{D7EA176B-44CD-4170-B2AF-D7FDA80AA1DD}.Debug|x86.ActiveCfg = Debug|Win32
		{D7EA176B-44CD-4170-B2AF-D7FDA80AA1DD}.Debug|x86.Build.0 = Debug|Win32
		{D7EA176B-44CD-4170-B2AF-D7FDA80AA1DD}.Release|x64.ActiveCfg = Release|x64
		{D7EA176B-44CD-4170-B2AF-D7FDA80AA1DD}.Release|x64.Build.0 = Release|x64
		{D7EA176B-44CD-4170-B2AF-D7FDA80AA1DD}.Release|x86.ActiveCfg = Release|Win32
		{D7EA176B-44CD-4170-B2AF-D7FDA80AA1DD}.Release|x86.Build.0 = Release|Win32
	EndGlobalSection
	GlobalSection(SolutionProperties) = preSolution
		HideSolutionNode = FALSE
	EndGlobalSection
	GlobalSection(ExtensibilityGlobals) = postSolution
		SolutionGuid = {94D9B577-6F24-41AF-AD90-105AAD26D1F0}
	EndGlobalSection
EndGlobal
